<?xml version="1.0" encoding="utf-8"?>
<Project ToolsVersion="4.0" xmlns="http://schemas.microsoft.com/developer/msbuild/2003">
  <ItemGroup>
    <Filter Include="소스 파일">
      <UniqueIdentifier>{4FC737F1-C7A5-4376-A066-2A32D752A2FF}</UniqueIdentifier>
      <Extensions>cpp;c;cc;cxx;c++;cppm;ixx;def;odl;idl;hpj;bat;asm;asmx</Extensions>
    </Filter>
    <Filter Include="리소스 파일">
      <UniqueIdentifier>{67DA6AB6-F800-4c08-8B7A-83BB121AAD01}</UniqueIdentifier>
      <Extensions>rc;ico;cur;bmp;dlg;rc2;rct;bin;rgs;gif;jpg;jpeg;jpe;resx;tiff;tif;png;wav;mfcribbon-ms</Extensions>
    </Filter>
    <Filter Include="Object">
      <UniqueIdentifier>{c889ebc8-ea1b-4fd7-8eea-824648da0bcf}</UniqueIdentifier>
    </Filter>
    <Filter Include="Object\Defualt">
      <UniqueIdentifier>{257491a6-6bf5-41f6-afe5-8f6a3a95d70a}</UniqueIdentifier>
    </Filter>
    <Filter Include="Object\Player">
      <UniqueIdentifier>{2668cdb6-39dc-44ce-8b38-c789df3ef4b3}</UniqueIdentifier>
    </Filter>
    <Filter Include="리소스 파일\obj">
      <UniqueIdentifier>{f5f77f01-f538-4417-9bba-5c91c23b9b2d}</UniqueIdentifier>
    </Filter>
    <Filter Include="Object\Resource">
      <UniqueIdentifier>{120664d6-fc54-4ffb-970b-859724e5b62c}</UniqueIdentifier>
    </Filter>
    <Filter Include="Object\Resource\Contain">
      <UniqueIdentifier>{98b2ad9c-4c8e-4b92-850a-f91dc933ac71}</UniqueIdentifier>
    </Filter>
    <Filter Include="FramWork">
      <UniqueIdentifier>{f4b18ee2-3bac-487e-9ba3-93983cb8380b}</UniqueIdentifier>
    </Filter>
    <Filter Include="FramWork\소스">
      <UniqueIdentifier>{fc4b9ea0-f799-4c67-bbd0-4844eb2c200f}</UniqueIdentifier>
    </Filter>
    <Filter Include="FramWork\헤더">
      <UniqueIdentifier>{56c74fee-2469-4c79-9d10-a341e68fbb28}</UniqueIdentifier>
    </Filter>
    <Filter Include="FramWork\GameObject">
      <UniqueIdentifier>{bdac6bbd-2aff-4d96-852e-d6a5fadf5c7c}</UniqueIdentifier>
    </Filter>
    <Filter Include="리소스 파일\obj\Default">
      <UniqueIdentifier>{6f1cde10-29ad-4d4a-9d9c-c9d78b090591}</UniqueIdentifier>
    </Filter>
    <Filter Include="Data">
      <UniqueIdentifier>{7092cb9c-fc0d-45f0-a339-e680a54acb47}</UniqueIdentifier>
    </Filter>
    <Filter Include="리소스 파일\GLSL">
      <UniqueIdentifier>{efc56c93-c7cf-4517-8557-0b26bbfc7aca}</UniqueIdentifier>
    </Filter>
    <Filter Include="Object\Quest">
      <UniqueIdentifier>{bc3efa6c-abff-4848-a44b-48a098f697ec}</UniqueIdentifier>
    </Filter>
    <Filter Include="리소스 파일\image">
      <UniqueIdentifier>{283aa283-98ae-424c-b5d5-c38e4eacc727}</UniqueIdentifier>
    </Filter>
    <Filter Include="UI">
      <UniqueIdentifier>{bd34b8d3-3439-439e-bf9e-f6e693348891}</UniqueIdentifier>
    </Filter>
    <Filter Include="Object\Equipment">
      <UniqueIdentifier>{76c8b3c8-07da-4db5-86c9-88972e78009a}</UniqueIdentifier>
    </Filter>
    <Filter Include="리소스 파일\obj\Resource">
      <UniqueIdentifier>{316c82e6-2d46-4b57-9b05-db8197b001d5}</UniqueIdentifier>
    </Filter>
    <Filter Include="Object\Equipment\Contain">
      <UniqueIdentifier>{86f3aaf4-f826-437a-9f40-e67945a92381}</UniqueIdentifier>
    </Filter>
    <Filter Include="리소스 파일\obj\Player">
      <UniqueIdentifier>{b4118c93-6f77-48a8-b7a0-364ebb5f2e6b}</UniqueIdentifier>
    </Filter>
    <Filter Include="소스 파일\미완성">
      <UniqueIdentifier>{512fb67a-1e40-4054-bc47-0cc176c50991}</UniqueIdentifier>
    </Filter>
  </ItemGroup>
  <ItemGroup>
    <ClCompile Include="main.cpp">
      <Filter>소스 파일</Filter>
    </ClCompile>
    <ClCompile Include="Afx.cpp">
      <Filter>FramWork\소스</Filter>
    </ClCompile>
    <ClCompile Include="Cube.cpp">
      <Filter>Object\Defualt</Filter>
    </ClCompile>
    <ClCompile Include="Player.cpp">
      <Filter>Object\Player</Filter>
    </ClCompile>
    <ClCompile Include="Sphere.cpp">
      <Filter>Object\Defualt</Filter>
    </ClCompile>
    <ClCompile Include="Vertex_AFX.cpp">
      <Filter>FramWork\소스</Filter>
    </ClCompile>
    <ClCompile Include="Resource.cpp">
      <Filter>Object\Resource</Filter>
    </ClCompile>
    <ClCompile Include="Iron.cpp">
      <Filter>Object\Resource\Contain</Filter>
    </ClCompile>
    <ClCompile Include="ResourcePool.cpp">
      <Filter>Object\Resource</Filter>
    </ClCompile>
    <ClCompile Include="Timer.cpp">
      <Filter>FramWork\소스</Filter>
    </ClCompile>
    <ClCompile Include="Object.cpp">
      <Filter>FramWork\GameObject</Filter>
    </ClCompile>
    <ClCompile Include="Mesh.cpp">
      <Filter>FramWork\GameObject</Filter>
    </ClCompile>
    <ClCompile Include="Camera.cpp">
      <Filter>FramWork\GameObject</Filter>
    </ClCompile>
    <ClCompile Include="GuiRender.cpp">
      <Filter>FramWork\GameObject</Filter>
    </ClCompile>
    <ClCompile Include="GuiObject.cpp">
      <Filter>FramWork\GameObject</Filter>
    </ClCompile>
    <ClCompile Include="Render.cpp">
      <Filter>FramWork\GameObject</Filter>
    </ClCompile>
    <ClCompile Include="Light.cpp">
      <Filter>FramWork\GameObject</Filter>
    </ClCompile>
    <ClCompile Include="Collider.cpp">
      <Filter>FramWork\GameObject</Filter>
    </ClCompile>
    <ClCompile Include="Color.cpp">
      <Filter>FramWork\GameObject</Filter>
    </ClCompile>
    <ClCompile Include="Transform.cpp">
      <Filter>FramWork\GameObject</Filter>
    </ClCompile>
    <ClCompile Include="FrameTime.cpp">
      <Filter>FramWork\GameObject</Filter>
    </ClCompile>
    <ClCompile Include="Equipment.cpp">
      <Filter>Object\Equipment</Filter>
    </ClCompile>
    <ClCompile Include="Xlsx.cpp">
      <Filter>FramWork\소스</Filter>
    </ClCompile>
    <ClCompile Include="Quest.cpp">
      <Filter>Object\Quest</Filter>
    </ClCompile>
    <ClCompile Include="GameManager.cpp">
      <Filter>소스 파일</Filter>
    </ClCompile>
    <ClCompile Include="Harpoon.cpp">
      <Filter>Object\Equipment</Filter>
    </ClCompile>
    <ClCompile Include="Random.cpp">
      <Filter>FramWork\소스</Filter>
    </ClCompile>
    <ClCompile Include="Guidance.cpp">
      <Filter>Object\Equipment\Contain</Filter>
    </ClCompile>
    <ClCompile Include="OBJ.cpp">
      <Filter>FramWork\GameObject</Filter>
    </ClCompile>
    <ClCompile Include="Shader.cpp">
      <Filter>FramWork\GameObject</Filter>
    </ClCompile>
    <ClCompile Include="Sound.cpp">
      <Filter>소스 파일\미완성</Filter>
    </ClCompile>
    <ClCompile Include="ChatBox.cpp">
      <Filter>UI</Filter>
    </ClCompile>
    <ClCompile Include="Gauge.cpp">
      <Filter>UI</Filter>
    </ClCompile>
    <ClCompile Include="Map.cpp">
      <Filter>UI</Filter>
    </ClCompile>
    <ClCompile Include="Button.cpp">
      <Filter>소스 파일\미완성</Filter>
    </ClCompile>
    <ClCompile Include="CubeMap.cpp">
      <Filter>소스 파일</Filter>
    </ClCompile>
  </ItemGroup>
  <ItemGroup>
    <ClInclude Include="Afx.h">
      <Filter>FramWork\헤더</Filter>
    </ClInclude>
    <ClInclude Include="Cube.h">
      <Filter>Object\Defualt</Filter>
    </ClInclude>
    <ClInclude Include="Player.h">
      <Filter>Object\Player</Filter>
    </ClInclude>
    <ClInclude Include="Sphere.h">
      <Filter>Object\Defualt</Filter>
    </ClInclude>
    <ClInclude Include="Vector_AFX.h">
      <Filter>FramWork\헤더</Filter>
    </ClInclude>
    <ClInclude Include="Resource.h">
      <Filter>Object\Resource</Filter>
    </ClInclude>
    <ClInclude Include="Iron.h">
      <Filter>Object\Resource\Contain</Filter>
    </ClInclude>
    <ClInclude Include="stb_image.h">
      <Filter>FramWork\헤더</Filter>
    </ClInclude>
    <ClInclude Include="Timer.h">
      <Filter>FramWork\헤더</Filter>
    </ClInclude>
    <ClInclude Include="Object.h">
      <Filter>FramWork\GameObject</Filter>
    </ClInclude>
    <ClInclude Include="Render.h">
      <Filter>FramWork\GameObject</Filter>
    </ClInclude>
    <ClInclude Include="Mesh.h">
      <Filter>FramWork\GameObject</Filter>
    </ClInclude>
    <ClInclude Include="GuiRender.h">
      <Filter>FramWork\GameObject</Filter>
    </ClInclude>
    <ClInclude Include="GuiObject.h">
      <Filter>FramWork\GameObject</Filter>
    </ClInclude>
    <ClInclude Include="Camera.h">
      <Filter>FramWork\GameObject</Filter>
    </ClInclude>
    <ClInclude Include="Light.h">
      <Filter>FramWork\GameObject</Filter>
    </ClInclude>
    <ClInclude Include="ResourcePool.h">
      <Filter>Object\Resource</Filter>
    </ClInclude>
    <ClInclude Include="Transform.h">
      <Filter>FramWork\GameObject</Filter>
    </ClInclude>
    <ClInclude Include="FrameTime.h">
      <Filter>FramWork\GameObject</Filter>
    </ClInclude>
    <ClInclude Include="Color.h">
      <Filter>FramWork\GameObject</Filter>
    </ClInclude>
    <ClInclude Include="Collider.h">
      <Filter>FramWork\GameObject</Filter>
    </ClInclude>
    <ClInclude Include="Equipment.h">
      <Filter>Object\Equipment</Filter>
    </ClInclude>
    <ClInclude Include="Xlsx.h">
      <Filter>FramWork\헤더</Filter>
    </ClInclude>
    <ClInclude Include="Quest.h">
      <Filter>Object\Quest</Filter>
    </ClInclude>
    <ClInclude Include="Harpoon.h">
      <Filter>Object\Equipment</Filter>
    </ClInclude>
    <ClInclude Include="GameManager.h">
      <Filter>소스 파일</Filter>
    </ClInclude>
    <ClInclude Include="Random.h">
      <Filter>FramWork\헤더</Filter>
    </ClInclude>
    <ClInclude Include="Guidance.h">
      <Filter>Object\Equipment\Contain</Filter>
    </ClInclude>
    <ClInclude Include="OBJ.h">
      <Filter>FramWork\GameObject</Filter>
    </ClInclude>
    <ClInclude Include="Shader.h">
      <Filter>FramWork\GameObject</Filter>
    </ClInclude>
    <ClInclude Include="Sound.h">
      <Filter>소스 파일\미완성</Filter>
    </ClInclude>
    <ClInclude Include="ChatBox.h">
      <Filter>UI</Filter>
    </ClInclude>
    <ClInclude Include="Gauge.h">
      <Filter>UI</Filter>
    </ClInclude>
    <ClInclude Include="Map.h">
      <Filter>UI</Filter>
    </ClInclude>
    <ClInclude Include="Button.h">
      <Filter>소스 파일\미완성</Filter>
    </ClInclude>
    <ClInclude Include="CubeMap.h" />
  </ItemGroup>
  <ItemGroup>
    <None Include="Fragment.glsl">
      <Filter>리소스 파일\GLSL</Filter>
    </None>
    <None Include="GuiFragment.glsl">
      <Filter>리소스 파일\GLSL</Filter>
    </None>
    <None Include="GuiVertex.glsl">
      <Filter>리소스 파일\GLSL</Filter>
    </None>
    <None Include="Vertex.glsl">
      <Filter>리소스 파일\GLSL</Filter>
    </None>
    <None Include="Harpoon.mtl">
      <Filter>리소스 파일\obj</Filter>
    </None>
    <None Include="Obj\Player\SpaceShip.mtl">
      <Filter>리소스 파일\obj\Player</Filter>
    </None>
    <None Include="Obj\Resource\Iron.mtl">
      <Filter>리소스 파일\obj\Resource</Filter>
    </None>
    <None Include="CubeMap_Vertex.glsl">
      <Filter>리소스 파일\GLSL</Filter>
    </None>
    <None Include="CubeMap_Fragment.glsl">
      <Filter>리소스 파일\GLSL</Filter>
    </None>
  </ItemGroup>
  <ItemGroup>
    <Object Include="Cube.obj">
      <Filter>리소스 파일\obj\Default</Filter>
    </Object>
    <Object Include="Sphere.obj">
      <Filter>리소스 파일\obj\Default</Filter>
    </Object>
    <Object Include="Harpoon.obj">
      <Filter>리소스 파일\obj</Filter>
    </Object>
    <Object Include="Obj\Player\SpaceShip.obj">
      <Filter>리소스 파일\obj\Player</Filter>
    </Object>
    <Object Include="Obj\Resource\Iron.obj">
      <Filter>리소스 파일\obj\Resource</Filter>
    </Object>
  </ItemGroup>
  <ItemGroup>
    <Image Include="map.png">
      <Filter>리소스 파일\image</Filter>
    </Image>
    <Image Include="chatbox.png">
      <Filter>리소스 파일\image</Filter>
    </Image>
    <Image Include="gauge.png">
      <Filter>리소스 파일\image</Filter>
    </Image>
  </ItemGroup>
</Project>